PODS:
  - Alamofire (4.8.0)
  - PromiseKit (4.5.2):
    - PromiseKit/Foundation (= 4.5.2)
    - PromiseKit/QuartzCore (= 4.5.2)
    - PromiseKit/UIKit (= 4.5.2)
  - PromiseKit/CorePromise (4.5.2)
  - PromiseKit/Foundation (4.5.2):
    - PromiseKit/CorePromise
  - PromiseKit/QuartzCore (4.5.2):
    - PromiseKit/CorePromise
  - PromiseKit/UIKit (4.5.2):
    - PromiseKit/CorePromise

DEPENDENCIES:
  - Alamofire (~> 4.0)
  - PromiseKit (~> 4.0)

SPEC REPOS:
  https://github.com/cocoapods/specs.git:
    - Alamofire
    - PromiseKit

SPEC CHECKSUMS:
  Alamofire: 3ec537f71edc9804815215393ae2b1a8ea33a844
  PromiseKit: 743e497a5f505a470d3bbbf4ce0663c1268af0a4

PODFILE CHECKSUM: 85c089b44e41a50c1c631d5669e1a3d0672af3ce

COCOAPODS: 1.5.3
