PODS:
  - Alamofire (4.9.1)
  - Eureka (5.3.2)
  - Houston (0.2.2)
  - IQKeyboardManagerSwift (6.5.6)
  - MBProgressHUD (1.2.0)
  - PromiseKit (6.13.1):
    - PromiseKit/CorePromise (= 6.13.1)
    - PromiseKit/Foundation (= 6.13.1)
    - PromiseKit/UIKit (= 6.13.1)
  - PromiseKit/CorePromise (6.13.1)
  - PromiseKit/Foundation (6.13.1):
    - PromiseKit/CorePromise
  - PromiseKit/UIKit (6.13.1):
    - PromiseKit/CorePromise
  - Valet (3.2.8)

DEPENDENCIES:
  - Alamofire (~> 4.9)
  - Eureka (~> 5.2)
  - Houston (~> 0.2)
  - IQKeyboardManagerSwift
  - MBProgressHUD (~> 1.1)
  - PromiseKit (~> 6.8)
  - Valet (~> 3.2)

SPEC REPOS:
  trunk:
    - Alamofire
    - Eureka
    - Houston
    - IQKeyboardManagerSwift
    - MBProgressHUD
    - PromiseKit
    - Valet

SPEC CHECKSUMS:
  Alamofire: 85e8a02c69d6020a0d734f6054870d7ecb75cf18
  Eureka: 1c2b8b5892bfb0e972d0fe05f8c09fd89f8625ec
  Houston: c5865bdca6bcec5b3ce6570c49fcd19392a29778
  IQKeyboardManagerSwift: c7df9d2deb356c04522f5c4b7b6e4ce4d8ed94fe
  MBProgressHUD: 3ee5efcc380f6a79a7cc9b363dd669c5e1ae7406
  PromiseKit: 28fda91c973cc377875d8c0ea4f973013c05b6db
  Valet: 16d0537d70db79d9ba953b9060b5da4fb8004e51

PODFILE CHECKSUM: 9bfc817fee16758d58f6da27dedd473d9ed1d7db

COCOAPODS: 1.9.3
