// !$*UTF8*$!
{
	archiveVersion = 1;
	classes = {
	};
	objectVersion = 46;
	objects = {

/* Begin PBXBuildFile section */
		471602321DD4305800727CBD /* AppDelegate.swift in Sources */ = {isa = PBXBuildFile; fileRef = 471602311DD4305800727CBD /* AppDelegate.swift */; };
		471602371DD4305800727CBD /* Main.storyboard in Resources */ = {isa = PBXBuildFile; fileRef = 471602351DD4305800727CBD /* Main.storyboard */; };
		471602391DD4305800727CBD /* Assets.xcassets in Resources */ = {isa = PBXBuildFile; fileRef = 471602381DD4305800727CBD /* Assets.xcassets */; };
		4716023C1DD4305800727CBD /* LaunchScreen.storyboard in Resources */ = {isa = PBXBuildFile; fileRef = 4716023A1DD4305800727CBD /* LaunchScreen.storyboard */; };
		471602791DD433A700727CBD /* DelugeClient.swift in Sources */ = {isa = PBXBuildFile; fileRef = 471602761DD433A700727CBD /* DelugeClient.swift */; };
		4716027A1DD433A700727CBD /* Torrent.swift in Sources */ = {isa = PBXBuildFile; fileRef = 471602771DD433A700727CBD /* Torrent.swift */; };
		4716027B1DD433A700727CBD /* TableViewTorrent.swift in Sources */ = {isa = PBXBuildFile; fileRef = 471602781DD433A700727CBD /* TableViewTorrent.swift */; };
		471602811DD4345100727CBD /* Protocols.swift in Sources */ = {isa = PBXBuildFile; fileRef = 471602801DD4345100727CBD /* Protocols.swift */; };
		477D7ADB21D3299300F78CE1 /* ClientConfig.swift in Sources */ = {isa = PBXBuildFile; fileRef = 477D7ADA21D3299300F78CE1 /* ClientConfig.swift */; };
		477D7B3221D3EFE000F78CE1 /* ClientManager.swift in Sources */ = {isa = PBXBuildFile; fileRef = 477D7B3121D3EFE000F78CE1 /* ClientManager.swift */; };
		477D7B3421D5716000F78CE1 /* Extensions.swift in Sources */ = {isa = PBXBuildFile; fileRef = 477D7B3321D5716000F78CE1 /* Extensions.swift */; };
		477D7B3621D605C200F78CE1 /* SessionStatus.swift in Sources */ = {isa = PBXBuildFile; fileRef = 477D7B3521D605C200F78CE1 /* SessionStatus.swift */; };
		477D7B4321DA7DBC00F78CE1 /* TorrentInfo.swift in Sources */ = {isa = PBXBuildFile; fileRef = 477D7B4221DA7DBC00F78CE1 /* TorrentInfo.swift */; };
		478D81C221DDF1CC0062A647 /* NewTorrentNotifier.swift in Sources */ = {isa = PBXBuildFile; fileRef = 478D81C121DDF1CC0062A647 /* NewTorrentNotifier.swift */; };
		47A4EEAC1E07913500568D33 /* ClientsTableViewController.swift in Sources */ = {isa = PBXBuildFile; fileRef = 47A4EEAB1E07913500568D33 /* ClientsTableViewController.swift */; };
		47A716AD21DE86C200C7650C /* DelugeBool.swift in Sources */ = {isa = PBXBuildFile; fileRef = 47A716AC21DE86C200C7650C /* DelugeBool.swift */; };
		47A716B221DEB7E200C7650C /* TorrentFile@3x.png in Resources */ = {isa = PBXBuildFile; fileRef = 47A716B121DEB7E200C7650C /* TorrentFile@3x.png */; };
		47A716B421DEB9B300C7650C /* FileIcon2@3X.png in Resources */ = {isa = PBXBuildFile; fileRef = 47A716B321DEB9B300C7650C /* FileIcon2@3X.png */; };
		47BE37421DDC3EE5002A6042 /* CustomAlert.swift in Sources */ = {isa = PBXBuildFile; fileRef = 47BE37411DDC3EE5002A6042 /* CustomAlert.swift */; };
		47BE37441DDD1FAF002A6042 /* AddClientViewController.swift in Sources */ = {isa = PBXBuildFile; fileRef = 47BE37431DDD1FAF002A6042 /* AddClientViewController.swift */; };
		47D035631DD81B34003BB2A0 /* MainTableViewController.swift in Sources */ = {isa = PBXBuildFile; fileRef = 47D035621DD81B34003BB2A0 /* MainTableViewController.swift */; };
		47D035651DD81BA4003BB2A0 /* DetailedTorrentViewController.swift in Sources */ = {isa = PBXBuildFile; fileRef = 47D035641DD81BA4003BB2A0 /* DetailedTorrentViewController.swift */; };
		47D035691DD81F31003BB2A0 /* MainTableViewCell.swift in Sources */ = {isa = PBXBuildFile; fileRef = 47D035681DD81F31003BB2A0 /* MainTableViewCell.swift */; };
		47F9C73321DC66790017281C /* TorrentConfig.swift in Sources */ = {isa = PBXBuildFile; fileRef = 47F9C73221DC66790017281C /* TorrentConfig.swift */; };
		47F9C73621DC6EB80017281C /* AddTorrentViewController.swift in Sources */ = {isa = PBXBuildFile; fileRef = 47F9C73521DC6EB80017281C /* AddTorrentViewController.swift */; };
		4CE6290D2BE9BFD9EBB91CC7 /* Pods_Deluge_Remote.framework in Frameworks */ = {isa = PBXBuildFile; fileRef = FB6CE69A1698C94F6A70ACE6 /* Pods_Deluge_Remote.framework */; };
/* End PBXBuildFile section */

/* Begin PBXFileReference section */
		00454872045418AC9157473D /* Pods-Deluge Remote.release.xcconfig */ = {isa = PBXFileReference; includeInIndex = 1; lastKnownFileType = text.xcconfig; name = "Pods-Deluge Remote.release.xcconfig"; path = "Pods/Target Support Files/Pods-Deluge Remote/Pods-Deluge Remote.release.xcconfig"; sourceTree = "<group>"; };
		4716022E1DD4305800727CBD /* Deluge Remote.app */ = {isa = PBXFileReference; explicitFileType = wrapper.application; includeInIndex = 0; path = "Deluge Remote.app"; sourceTree = BUILT_PRODUCTS_DIR; };
		471602311DD4305800727CBD /* AppDelegate.swift */ = {isa = PBXFileReference; lastKnownFileType = sourcecode.swift; path = AppDelegate.swift; sourceTree = "<group>"; };
		471602361DD4305800727CBD /* Base */ = {isa = PBXFileReference; lastKnownFileType = file.storyboard; name = Base; path = Base.lproj/Main.storyboard; sourceTree = "<group>"; };
		471602381DD4305800727CBD /* Assets.xcassets */ = {isa = PBXFileReference; lastKnownFileType = folder.assetcatalog; path = Assets.xcassets; sourceTree = "<group>"; };
		4716023B1DD4305800727CBD /* Base */ = {isa = PBXFileReference; lastKnownFileType = file.storyboard; name = Base; path = Base.lproj/LaunchScreen.storyboard; sourceTree = "<group>"; };
		4716023D1DD4305800727CBD /* Info.plist */ = {isa = PBXFileReference; lastKnownFileType = text.plist.xml; path = Info.plist; sourceTree = "<group>"; };
		471602761DD433A700727CBD /* DelugeClient.swift */ = {isa = PBXFileReference; fileEncoding = 4; lastKnownFileType = sourcecode.swift; path = DelugeClient.swift; sourceTree = "<group>"; };
		471602771DD433A700727CBD /* Torrent.swift */ = {isa = PBXFileReference; fileEncoding = 4; lastKnownFileType = sourcecode.swift; path = Torrent.swift; sourceTree = "<group>"; };
		471602781DD433A700727CBD /* TableViewTorrent.swift */ = {isa = PBXFileReference; fileEncoding = 4; lastKnownFileType = sourcecode.swift; path = TableViewTorrent.swift; sourceTree = "<group>"; };
		471602801DD4345100727CBD /* Protocols.swift */ = {isa = PBXFileReference; fileEncoding = 4; lastKnownFileType = sourcecode.swift; name = Protocols.swift; path = Resources/Protocols.swift; sourceTree = "<group>"; };
		471602821DD5845500727CBD /* MyPlayground.playground */ = {isa = PBXFileReference; lastKnownFileType = file.playground; path = MyPlayground.playground; sourceTree = "<group>"; xcLanguageSpecificationIdentifier = xcode.lang.swift; };
		477D7ADA21D3299300F78CE1 /* ClientConfig.swift */ = {isa = PBXFileReference; lastKnownFileType = sourcecode.swift; path = ClientConfig.swift; sourceTree = "<group>"; };
		477D7B3121D3EFE000F78CE1 /* ClientManager.swift */ = {isa = PBXFileReference; lastKnownFileType = sourcecode.swift; path = ClientManager.swift; sourceTree = "<group>"; };
		477D7B3321D5716000F78CE1 /* Extensions.swift */ = {isa = PBXFileReference; lastKnownFileType = sourcecode.swift; path = Extensions.swift; sourceTree = "<group>"; };
		477D7B3521D605C200F78CE1 /* SessionStatus.swift */ = {isa = PBXFileReference; lastKnownFileType = sourcecode.swift; path = SessionStatus.swift; sourceTree = "<group>"; };
		477D7B4221DA7DBC00F78CE1 /* TorrentInfo.swift */ = {isa = PBXFileReference; lastKnownFileType = sourcecode.swift; path = TorrentInfo.swift; sourceTree = "<group>"; };
		478D81BF21DDD30D0062A647 /* Deluge Remote.entitlements */ = {isa = PBXFileReference; lastKnownFileType = text.plist.entitlements; path = "Deluge Remote.entitlements"; sourceTree = "<group>"; };
		478D81C121DDF1CC0062A647 /* NewTorrentNotifier.swift */ = {isa = PBXFileReference; lastKnownFileType = sourcecode.swift; path = NewTorrentNotifier.swift; sourceTree = "<group>"; };
		47A4EEAB1E07913500568D33 /* ClientsTableViewController.swift */ = {isa = PBXFileReference; fileEncoding = 4; lastKnownFileType = sourcecode.swift; name = ClientsTableViewController.swift; path = "Sources/View Controllers/ClientsTableViewController.swift"; sourceTree = "<group>"; };
		47A716AC21DE86C200C7650C /* DelugeBool.swift */ = {isa = PBXFileReference; lastKnownFileType = sourcecode.swift; path = DelugeBool.swift; sourceTree = "<group>"; };
		47A716B121DEB7E200C7650C /* TorrentFile@3x.png */ = {isa = PBXFileReference; lastKnownFileType = image.png; path = "TorrentFile@3x.png"; sourceTree = "<group>"; };
		47A716B321DEB9B300C7650C /* FileIcon2@3X.png */ = {isa = PBXFileReference; lastKnownFileType = image.png; path = "FileIcon2@3X.png"; sourceTree = "<group>"; };
		47BE37411DDC3EE5002A6042 /* CustomAlert.swift */ = {isa = PBXFileReference; fileEncoding = 4; lastKnownFileType = sourcecode.swift; name = CustomAlert.swift; path = Resources/CustomAlert.swift; sourceTree = "<group>"; };
		47BE37431DDD1FAF002A6042 /* AddClientViewController.swift */ = {isa = PBXFileReference; fileEncoding = 4; lastKnownFileType = sourcecode.swift; name = AddClientViewController.swift; path = "Sources/View Controllers/AddClientViewController.swift"; sourceTree = "<group>"; };
		47D035621DD81B34003BB2A0 /* MainTableViewController.swift */ = {isa = PBXFileReference; fileEncoding = 4; lastKnownFileType = sourcecode.swift; name = MainTableViewController.swift; path = "Sources/View Controllers/MainTableViewController.swift"; sourceTree = "<group>"; };
		47D035641DD81BA4003BB2A0 /* DetailedTorrentViewController.swift */ = {isa = PBXFileReference; fileEncoding = 4; lastKnownFileType = sourcecode.swift; name = DetailedTorrentViewController.swift; path = "Sources/View Controllers/DetailedTorrentViewController.swift"; sourceTree = "<group>"; };
		47D035681DD81F31003BB2A0 /* MainTableViewCell.swift */ = {isa = PBXFileReference; fileEncoding = 4; lastKnownFileType = sourcecode.swift; name = MainTableViewCell.swift; path = "Sources/View Controllers/MainTableViewCell.swift"; sourceTree = "<group>"; };
		47F9C73221DC66790017281C /* TorrentConfig.swift */ = {isa = PBXFileReference; lastKnownFileType = sourcecode.swift; path = TorrentConfig.swift; sourceTree = "<group>"; };
		47F9C73521DC6EB80017281C /* AddTorrentViewController.swift */ = {isa = PBXFileReference; lastKnownFileType = sourcecode.swift; path = AddTorrentViewController.swift; sourceTree = "<group>"; };
		CBE414C0A48278AAA9218964 /* Pods-Deluge Remote.debug.xcconfig */ = {isa = PBXFileReference; includeInIndex = 1; lastKnownFileType = text.xcconfig; name = "Pods-Deluge Remote.debug.xcconfig"; path = "Pods/Target Support Files/Pods-Deluge Remote/Pods-Deluge Remote.debug.xcconfig"; sourceTree = "<group>"; };
		FB6CE69A1698C94F6A70ACE6 /* Pods_Deluge_Remote.framework */ = {isa = PBXFileReference; explicitFileType = wrapper.framework; includeInIndex = 0; path = Pods_Deluge_Remote.framework; sourceTree = BUILT_PRODUCTS_DIR; };
/* End PBXFileReference section */

/* Begin PBXFrameworksBuildPhase section */
		4716022B1DD4305800727CBD /* Frameworks */ = {
			isa = PBXFrameworksBuildPhase;
			buildActionMask = 2147483647;
			files = (
				4CE6290D2BE9BFD9EBB91CC7 /* Pods_Deluge_Remote.framework in Frameworks */,
			);
			runOnlyForDeploymentPostprocessing = 0;
		};
/* End PBXFrameworksBuildPhase section */

/* Begin PBXGroup section */
		1A4430DC2A1C2BBB6A0F51D4 /* Frameworks */ = {
			isa = PBXGroup;
			children = (
				FB6CE69A1698C94F6A70ACE6 /* Pods_Deluge_Remote.framework */,
			);
			name = Frameworks;
			sourceTree = "<group>";
		};
		471602251DD4305800727CBD = {
			isa = PBXGroup;
			children = (
				471602301DD4305800727CBD /* Deluge Remote */,
				4716022F1DD4305800727CBD /* Products */,
				67A29AE78AB8790B56F14D72 /* Pods */,
				1A4430DC2A1C2BBB6A0F51D4 /* Frameworks */,
			);
			sourceTree = "<group>";
		};
		4716022F1DD4305800727CBD /* Products */ = {
			isa = PBXGroup;
			children = (
				4716022E1DD4305800727CBD /* Deluge Remote.app */,
			);
			name = Products;
			sourceTree = "<group>";
		};
		471602301DD4305800727CBD /* Deluge Remote */ = {
			isa = PBXGroup;
			children = (
				478D81BF21DDD30D0062A647 /* Deluge Remote.entitlements */,
				4716027F1DD433F400727CBD /* Resources */,
				4716027C1DD433B000727CBD /* Sources */,
				471602351DD4305800727CBD /* Main.storyboard */,
				471602381DD4305800727CBD /* Assets.xcassets */,
				4716023A1DD4305800727CBD /* LaunchScreen.storyboard */,
				4716023D1DD4305800727CBD /* Info.plist */,
			);
			path = "Deluge Remote";
			sourceTree = "<group>";
		};
		4716027C1DD433B000727CBD /* Sources */ = {
			isa = PBXGroup;
			children = (
				471602821DD5845500727CBD /* MyPlayground.playground */,
				471602311DD4305800727CBD /* AppDelegate.swift */,
				47200D771DD85FB400D61EC0 /* Models */,
				4716027E1DD433D800727CBD /* View Controllers */,
				4716027D1DD433CF00727CBD /* Deluge API */,
				477D7B3121D3EFE000F78CE1 /* ClientManager.swift */,
				478D81C121DDF1CC0062A647 /* NewTorrentNotifier.swift */,
			);
			name = Sources;
			sourceTree = "<group>";
		};
		4716027D1DD433CF00727CBD /* Deluge API */ = {
			isa = PBXGroup;
			children = (
				471602761DD433A700727CBD /* DelugeClient.swift */,
			);
			name = "Deluge API";
			sourceTree = "<group>";
		};
		4716027E1DD433D800727CBD /* View Controllers */ = {
			isa = PBXGroup;
			children = (
				47D035621DD81B34003BB2A0 /* MainTableViewController.swift */,
				47D035641DD81BA4003BB2A0 /* DetailedTorrentViewController.swift */,
				47BE37431DDD1FAF002A6042 /* AddClientViewController.swift */,
				47A4EEAB1E07913500568D33 /* ClientsTableViewController.swift */,
				47F9C73521DC6EB80017281C /* AddTorrentViewController.swift */,
			);
			name = "View Controllers";
			sourceTree = "<group>";
		};
		4716027F1DD433F400727CBD /* Resources */ = {
			isa = PBXGroup;
			children = (
				47A716B021DEB7E200C7650C /* FileIcon */,
				471602801DD4345100727CBD /* Protocols.swift */,
				47BE37411DDC3EE5002A6042 /* CustomAlert.swift */,
				477D7B3321D5716000F78CE1 /* Extensions.swift */,
			);
			name = Resources;
			sourceTree = "<group>";
		};
		47200D771DD85FB400D61EC0 /* Models */ = {
			isa = PBXGroup;
			children = (
				471602771DD433A700727CBD /* Torrent.swift */,
				471602781DD433A700727CBD /* TableViewTorrent.swift */,
				47D035681DD81F31003BB2A0 /* MainTableViewCell.swift */,
				477D7ADA21D3299300F78CE1 /* ClientConfig.swift */,
				477D7B3521D605C200F78CE1 /* SessionStatus.swift */,
				477D7B4221DA7DBC00F78CE1 /* TorrentInfo.swift */,
				47F9C73221DC66790017281C /* TorrentConfig.swift */,
				47A716AC21DE86C200C7650C /* DelugeBool.swift */,
			);
			name = Models;
			sourceTree = "<group>";
		};
		47A716B021DEB7E200C7650C /* FileIcon */ = {
			isa = PBXGroup;
			children = (
				47A716B321DEB9B300C7650C /* FileIcon2@3X.png */,
				47A716B121DEB7E200C7650C /* TorrentFile@3x.png */,
			);
			name = FileIcon;
			path = Resources/FileIcon;
			sourceTree = "<group>";
		};
		67A29AE78AB8790B56F14D72 /* Pods */ = {
			isa = PBXGroup;
			children = (
				CBE414C0A48278AAA9218964 /* Pods-Deluge Remote.debug.xcconfig */,
				00454872045418AC9157473D /* Pods-Deluge Remote.release.xcconfig */,
			);
			name = Pods;
			sourceTree = "<group>";
		};
/* End PBXGroup section */

/* Begin PBXNativeTarget section */
		4716022D1DD4305800727CBD /* Deluge Remote */ = {
			isa = PBXNativeTarget;
			buildConfigurationList = 471602401DD4305800727CBD /* Build configuration list for PBXNativeTarget "Deluge Remote" */;
			buildPhases = (
				3AF8E106B2580CF5A2487982 /* [CP] Check Pods Manifest.lock */,
				4716022A1DD4305800727CBD /* Sources */,
				4716022B1DD4305800727CBD /* Frameworks */,
				4716022C1DD4305800727CBD /* Resources */,
				07908983BEDB98E18BF71D0C /* [CP] Embed Pods Frameworks */,
				477D7B4121D9DE5100F78CE1 /* ShellScript */,
			);
			buildRules = (
			);
			dependencies = (
			);
			name = "Deluge Remote";
			productName = "Deluge Remote";
			productReference = 4716022E1DD4305800727CBD /* Deluge Remote.app */;
			productType = "com.apple.product-type.application";
		};
/* End PBXNativeTarget section */

/* Begin PBXProject section */
		471602261DD4305800727CBD /* Project object */ = {
			isa = PBXProject;
			attributes = {
				LastSwiftUpdateCheck = 0810;
				LastUpgradeCheck = 1010;
				ORGANIZATIONNAME = "Rudy Bermudez";
				TargetAttributes = {
					4716022D1DD4305800727CBD = {
						CreatedOnToolsVersion = 8.1;
						DevelopmentTeam = NZ8449Y9W6;
						LastSwiftMigration = 1010;
						ProvisioningStyle = Automatic;
						SystemCapabilities = {
							com.apple.BackgroundModes = {
								enabled = 1;
							};
							com.apple.iCloud = {
								enabled = 1;
							};
						};
					};
				};
			};
			buildConfigurationList = 471602291DD4305800727CBD /* Build configuration list for PBXProject "Deluge Remote" */;
			compatibilityVersion = "Xcode 3.2";
			developmentRegion = English;
			hasScannedForEncodings = 0;
			knownRegions = (
				en,
				Base,
			);
			mainGroup = 471602251DD4305800727CBD;
			productRefGroup = 4716022F1DD4305800727CBD /* Products */;
			projectDirPath = "";
			projectRoot = "";
			targets = (
				4716022D1DD4305800727CBD /* Deluge Remote */,
			);
		};
/* End PBXProject section */

/* Begin PBXResourcesBuildPhase section */
		4716022C1DD4305800727CBD /* Resources */ = {
			isa = PBXResourcesBuildPhase;
			buildActionMask = 2147483647;
			files = (
				4716023C1DD4305800727CBD /* LaunchScreen.storyboard in Resources */,
				471602391DD4305800727CBD /* Assets.xcassets in Resources */,
				47A716B421DEB9B300C7650C /* FileIcon2@3X.png in Resources */,
				47A716B221DEB7E200C7650C /* TorrentFile@3x.png in Resources */,
				471602371DD4305800727CBD /* Main.storyboard in Resources */,
			);
			runOnlyForDeploymentPostprocessing = 0;
		};
/* End PBXResourcesBuildPhase section */

/* Begin PBXShellScriptBuildPhase section */
		07908983BEDB98E18BF71D0C /* [CP] Embed Pods Frameworks */ = {
			isa = PBXShellScriptBuildPhase;
			buildActionMask = 2147483647;
			files = (
			);
			inputPaths = (
				"${SRCROOT}/Pods/Target Support Files/Pods-Deluge Remote/Pods-Deluge Remote-frameworks.sh",
				"${BUILT_PRODUCTS_DIR}/Alamofire/Alamofire.framework",
				"${BUILT_PRODUCTS_DIR}/Eureka/Eureka.framework",
				"${BUILT_PRODUCTS_DIR}/MBProgressHUD/MBProgressHUD.framework",
				"${BUILT_PRODUCTS_DIR}/PromiseKit/PromiseKit.framework",
				"${BUILT_PRODUCTS_DIR}/Valet/Valet.framework",
			);
			name = "[CP] Embed Pods Frameworks";
			outputPaths = (
				"${TARGET_BUILD_DIR}/${FRAMEWORKS_FOLDER_PATH}/Alamofire.framework",
				"${TARGET_BUILD_DIR}/${FRAMEWORKS_FOLDER_PATH}/Eureka.framework",
				"${TARGET_BUILD_DIR}/${FRAMEWORKS_FOLDER_PATH}/MBProgressHUD.framework",
				"${TARGET_BUILD_DIR}/${FRAMEWORKS_FOLDER_PATH}/PromiseKit.framework",
				"${TARGET_BUILD_DIR}/${FRAMEWORKS_FOLDER_PATH}/Valet.framework",
			);
			runOnlyForDeploymentPostprocessing = 0;
			shellPath = /bin/sh;
			shellScript = "\"${SRCROOT}/Pods/Target Support Files/Pods-Deluge Remote/Pods-Deluge Remote-frameworks.sh\"\n";
			showEnvVarsInLog = 0;
		};
		3AF8E106B2580CF5A2487982 /* [CP] Check Pods Manifest.lock */ = {
			isa = PBXShellScriptBuildPhase;
			buildActionMask = 2147483647;
			files = (
			);
			inputPaths = (
				"${PODS_PODFILE_DIR_PATH}/Podfile.lock",
				"${PODS_ROOT}/Manifest.lock",
			);
			name = "[CP] Check Pods Manifest.lock";
			outputPaths = (
				"$(DERIVED_FILE_DIR)/Pods-Deluge Remote-checkManifestLockResult.txt",
			);
			runOnlyForDeploymentPostprocessing = 0;
			shellPath = /bin/sh;
			shellScript = "diff \"${PODS_PODFILE_DIR_PATH}/Podfile.lock\" \"${PODS_ROOT}/Manifest.lock\" > /dev/null\nif [ $? != 0 ] ; then\n    # print error to STDERR\n    echo \"error: The sandbox is not in sync with the Podfile.lock. Run 'pod install' or update your CocoaPods installation.\" >&2\n    exit 1\nfi\n# This output is used by Xcode 'outputs' to avoid re-running this script phase.\necho \"SUCCESS\" > \"${SCRIPT_OUTPUT_FILE_0}\"\n";
			showEnvVarsInLog = 0;
		};
		477D7B4121D9DE5100F78CE1 /* ShellScript */ = {
			isa = PBXShellScriptBuildPhase;
			buildActionMask = 2147483647;
			files = (
			);
			inputFileListPaths = (
			);
			inputPaths = (
			);
			outputFileListPaths = (
			);
			outputPaths = (
			);
			runOnlyForDeploymentPostprocessing = 0;
			shellPath = /bin/sh;
			shellScript = "if which swiftlint >/dev/null; then\nswiftlint autocorrect\nswiftlint\nelse\necho \"warning: SwiftLint not installed, download from https://github.com/realm/SwiftLint\"\nfi\n";
		};
/* End PBXShellScriptBuildPhase section */

/* Begin PBXSourcesBuildPhase section */
		4716022A1DD4305800727CBD /* Sources */ = {
			isa = PBXSourcesBuildPhase;
			buildActionMask = 2147483647;
			files = (
				47BE37421DDC3EE5002A6042 /* CustomAlert.swift in Sources */,
				47BE37441DDD1FAF002A6042 /* AddClientViewController.swift in Sources */,
				477D7B3221D3EFE000F78CE1 /* ClientManager.swift in Sources */,
				477D7ADB21D3299300F78CE1 /* ClientConfig.swift in Sources */,
				47F9C73321DC66790017281C /* TorrentConfig.swift in Sources */,
				4716027B1DD433A700727CBD /* TableViewTorrent.swift in Sources */,
				478D81C221DDF1CC0062A647 /* NewTorrentNotifier.swift in Sources */,
				47A4EEAC1E07913500568D33 /* ClientsTableViewController.swift in Sources */,
				4716027A1DD433A700727CBD /* Torrent.swift in Sources */,
				477D7B3621D605C200F78CE1 /* SessionStatus.swift in Sources */,
				471602811DD4345100727CBD /* Protocols.swift in Sources */,
				477D7B4321DA7DBC00F78CE1 /* TorrentInfo.swift in Sources */,
				47D035691DD81F31003BB2A0 /* MainTableViewCell.swift in Sources */,
				471602791DD433A700727CBD /* DelugeClient.swift in Sources */,
				47A716AD21DE86C200C7650C /* DelugeBool.swift in Sources */,
				471602321DD4305800727CBD /* AppDelegate.swift in Sources */,
				47D035631DD81B34003BB2A0 /* MainTableViewController.swift in Sources */,
				47D035651DD81BA4003BB2A0 /* DetailedTorrentViewController.swift in Sources */,
				47F9C73621DC6EB80017281C /* AddTorrentViewController.swift in Sources */,
				477D7B3421D5716000F78CE1 /* Extensions.swift in Sources */,
			);
			runOnlyForDeploymentPostprocessing = 0;
		};
/* End PBXSourcesBuildPhase section */

/* Begin PBXVariantGroup section */
		471602351DD4305800727CBD /* Main.storyboard */ = {
			isa = PBXVariantGroup;
			children = (
				471602361DD4305800727CBD /* Base */,
			);
			name = Main.storyboard;
			sourceTree = "<group>";
		};
		4716023A1DD4305800727CBD /* LaunchScreen.storyboard */ = {
			isa = PBXVariantGroup;
			children = (
				4716023B1DD4305800727CBD /* Base */,
			);
			name = LaunchScreen.storyboard;
			sourceTree = "<group>";
		};
/* End PBXVariantGroup section */

/* Begin XCBuildConfiguration section */
		4716023E1DD4305800727CBD /* Debug */ = {
			isa = XCBuildConfiguration;
			buildSettings = {
				ALWAYS_SEARCH_USER_PATHS = NO;
				CLANG_ANALYZER_NONNULL = YES;
				CLANG_CXX_LANGUAGE_STANDARD = "gnu++0x";
				CLANG_CXX_LIBRARY = "libc++";
				CLANG_ENABLE_MODULES = YES;
				CLANG_ENABLE_OBJC_ARC = YES;
				CLANG_WARN_BLOCK_CAPTURE_AUTORELEASING = YES;
				CLANG_WARN_BOOL_CONVERSION = YES;
				CLANG_WARN_COMMA = YES;
				CLANG_WARN_CONSTANT_CONVERSION = YES;
				CLANG_WARN_DEPRECATED_OBJC_IMPLEMENTATIONS = YES;
				CLANG_WARN_DIRECT_OBJC_ISA_USAGE = YES_ERROR;
				CLANG_WARN_DOCUMENTATION_COMMENTS = YES;
				CLANG_WARN_EMPTY_BODY = YES;
				CLANG_WARN_ENUM_CONVERSION = YES;
				CLANG_WARN_INFINITE_RECURSION = YES;
				CLANG_WARN_INT_CONVERSION = YES;
				CLANG_WARN_NON_LITERAL_NULL_CONVERSION = YES;
				CLANG_WARN_OBJC_IMPLICIT_RETAIN_SELF = YES;
				CLANG_WARN_OBJC_LITERAL_CONVERSION = YES;
				CLANG_WARN_OBJC_ROOT_CLASS = YES_ERROR;
				CLANG_WARN_RANGE_LOOP_ANALYSIS = YES;
				CLANG_WARN_STRICT_PROTOTYPES = YES;
				CLANG_WARN_SUSPICIOUS_MOVE = YES;
				CLANG_WARN_SUSPICIOUS_MOVES = YES;
				CLANG_WARN_UNREACHABLE_CODE = YES;
				CLANG_WARN__DUPLICATE_METHOD_MATCH = YES;
				"CODE_SIGN_IDENTITY[sdk=iphoneos*]" = "iPhone Developer";
				COPY_PHASE_STRIP = NO;
				DEBUG_INFORMATION_FORMAT = dwarf;
				ENABLE_STRICT_OBJC_MSGSEND = YES;
				ENABLE_TESTABILITY = YES;
				GCC_C_LANGUAGE_STANDARD = gnu99;
				GCC_DYNAMIC_NO_PIC = NO;
				GCC_NO_COMMON_BLOCKS = YES;
				GCC_OPTIMIZATION_LEVEL = 0;
				GCC_PREPROCESSOR_DEFINITIONS = (
					"DEBUG=1",
					"$(inherited)",
				);
				GCC_WARN_64_TO_32_BIT_CONVERSION = YES;
				GCC_WARN_ABOUT_RETURN_TYPE = YES_ERROR;
				GCC_WARN_UNDECLARED_SELECTOR = YES;
				GCC_WARN_UNINITIALIZED_AUTOS = YES_AGGRESSIVE;
				GCC_WARN_UNUSED_FUNCTION = YES;
				GCC_WARN_UNUSED_VARIABLE = YES;
				IPHONEOS_DEPLOYMENT_TARGET = 12.1;
				MTL_ENABLE_DEBUG_INFO = YES;
				ONLY_ACTIVE_ARCH = YES;
				SDKROOT = iphoneos;
				SWIFT_ACTIVE_COMPILATION_CONDITIONS = DEBUG;
				SWIFT_OPTIMIZATION_LEVEL = "-Onone";
				TARGETED_DEVICE_FAMILY = "1,2";
			};
			name = Debug;
		};
		4716023F1DD4305800727CBD /* Release */ = {
			isa = XCBuildConfiguration;
			buildSettings = {
				ALWAYS_SEARCH_USER_PATHS = NO;
				CLANG_ANALYZER_NONNULL = YES;
				CLANG_CXX_LANGUAGE_STANDARD = "gnu++0x";
				CLANG_CXX_LIBRARY = "libc++";
				CLANG_ENABLE_MODULES = YES;
				CLANG_ENABLE_OBJC_ARC = YES;
				CLANG_WARN_BLOCK_CAPTURE_AUTORELEASING = YES;
				CLANG_WARN_BOOL_CONVERSION = YES;
				CLANG_WARN_COMMA = YES;
				CLANG_WARN_CONSTANT_CONVERSION = YES;
				CLANG_WARN_DEPRECATED_OBJC_IMPLEMENTATIONS = YES;
				CLANG_WARN_DIRECT_OBJC_ISA_USAGE = YES_ERROR;
				CLANG_WARN_DOCUMENTATION_COMMENTS = YES;
				CLANG_WARN_EMPTY_BODY = YES;
				CLANG_WARN_ENUM_CONVERSION = YES;
				CLANG_WARN_INFINITE_RECURSION = YES;
				CLANG_WARN_INT_CONVERSION = YES;
				CLANG_WARN_NON_LITERAL_NULL_CONVERSION = YES;
				CLANG_WARN_OBJC_IMPLICIT_RETAIN_SELF = YES;
				CLANG_WARN_OBJC_LITERAL_CONVERSION = YES;
				CLANG_WARN_OBJC_ROOT_CLASS = YES_ERROR;
				CLANG_WARN_RANGE_LOOP_ANALYSIS = YES;
				CLANG_WARN_STRICT_PROTOTYPES = YES;
				CLANG_WARN_SUSPICIOUS_MOVE = YES;
				CLANG_WARN_SUSPICIOUS_MOVES = YES;
				CLANG_WARN_UNREACHABLE_CODE = YES;
				CLANG_WARN__DUPLICATE_METHOD_MATCH = YES;
				"CODE_SIGN_IDENTITY[sdk=iphoneos*]" = "iPhone Developer";
				COPY_PHASE_STRIP = NO;
				DEBUG_INFORMATION_FORMAT = "dwarf-with-dsym";
				ENABLE_NS_ASSERTIONS = NO;
				ENABLE_STRICT_OBJC_MSGSEND = YES;
				GCC_C_LANGUAGE_STANDARD = gnu99;
				GCC_NO_COMMON_BLOCKS = YES;
				GCC_WARN_64_TO_32_BIT_CONVERSION = YES;
				GCC_WARN_ABOUT_RETURN_TYPE = YES_ERROR;
				GCC_WARN_UNDECLARED_SELECTOR = YES;
				GCC_WARN_UNINITIALIZED_AUTOS = YES_AGGRESSIVE;
				GCC_WARN_UNUSED_FUNCTION = YES;
				GCC_WARN_UNUSED_VARIABLE = YES;
				IPHONEOS_DEPLOYMENT_TARGET = 12.1;
				MTL_ENABLE_DEBUG_INFO = NO;
				SDKROOT = iphoneos;
				SWIFT_OPTIMIZATION_LEVEL = "-Owholemodule";
				TARGETED_DEVICE_FAMILY = "1,2";
				VALIDATE_PRODUCT = YES;
			};
			name = Release;
		};
		471602411DD4305800727CBD /* Debug */ = {
			isa = XCBuildConfiguration;
			baseConfigurationReference = CBE414C0A48278AAA9218964 /* Pods-Deluge Remote.debug.xcconfig */;
			buildSettings = {
				ASSETCATALOG_COMPILER_APPICON_NAME = AppIcon;
				CODE_SIGN_ENTITLEMENTS = "Deluge Remote/Deluge Remote.entitlements";
				DEVELOPMENT_TEAM = NZ8449Y9W6;
				HEADER_SEARCH_PATHS = (
					"$(SRCROOT)/NSBencodeSerialization/NSBencodeSerialization",
					"$(SRCROOT)/NSBencodeSerialization/M13OrderedDictionary",
				);
				INFOPLIST_FILE = "Deluge Remote/Info.plist";
				LD_RUNPATH_SEARCH_PATHS = "$(inherited) @executable_path/Frameworks";
				LIBRARY_SEARCH_PATHS = "";
				PRODUCT_BUNDLE_IDENTIFIER = "co.rudybermudez.Deluge-Remote";
				PRODUCT_NAME = "$(TARGET_NAME)";
				SWIFT_OBJC_BRIDGING_HEADER = "";
				SWIFT_VERSION = 3.0;
			};
			name = Debug;
		};
		471602421DD4305800727CBD /* Release */ = {
			isa = XCBuildConfiguration;
			baseConfigurationReference = 00454872045418AC9157473D /* Pods-Deluge Remote.release.xcconfig */;
			buildSettings = {
				ASSETCATALOG_COMPILER_APPICON_NAME = AppIcon;
				CODE_SIGN_ENTITLEMENTS = "Deluge Remote/Deluge Remote.entitlements";
				DEVELOPMENT_TEAM = NZ8449Y9W6;
				HEADER_SEARCH_PATHS = (
					"$(SRCROOT)/NSBencodeSerialization/NSBencodeSerialization",
					"$(SRCROOT)/NSBencodeSerialization/M13OrderedDictionary",
				);
				INFOPLIST_FILE = "Deluge Remote/Info.plist";
				LD_RUNPATH_SEARCH_PATHS = "$(inherited) @executable_path/Frameworks";
				LIBRARY_SEARCH_PATHS = "";
				PRODUCT_BUNDLE_IDENTIFIER = "co.rudybermudez.Deluge-Remote";
				PRODUCT_NAME = "$(TARGET_NAME)";
				SWIFT_OBJC_BRIDGING_HEADER = "";
				SWIFT_VERSION = 3.0;
			};
			name = Release;
		};
/* End XCBuildConfiguration section */

/* Begin XCConfigurationList section */
		471602291DD4305800727CBD /* Build configuration list for PBXProject "Deluge Remote" */ = {
			isa = XCConfigurationList;
			buildConfigurations = (
				4716023E1DD4305800727CBD /* Debug */,
				4716023F1DD4305800727CBD /* Release */,
			);
			defaultConfigurationIsVisible = 0;
			defaultConfigurationName = Release;
		};
		471602401DD4305800727CBD /* Build configuration list for PBXNativeTarget "Deluge Remote" */ = {
			isa = XCConfigurationList;
			buildConfigurations = (
				471602411DD4305800727CBD /* Debug */,
				471602421DD4305800727CBD /* Release */,
			);
			defaultConfigurationIsVisible = 0;
			defaultConfigurationName = Release;
		};
/* End XCConfigurationList section */
	};
	rootObject = 471602261DD4305800727CBD /* Project object */;
}
